// !$*UTF8*$!
{
	archiveVersion = 1;
	classes = {
	};
	objectVersion = 77;
	objects = {

/* Begin PBXBuildFile section */
		514B6A91A01A0B5D4C2564D9 /* Pods_ArtShowcase.framework in Frameworks */ = {isa = PBXBuildFile; fileRef = B8A82D5B0962475767FA7E02 /* Pods_ArtShowcase.framework */; };
		AFF2C3532D9C5915008A2289 /* Assets.xcassets in Resources */ = {isa = PBXBuildFile; fileRef = AFF2C34C2D9C5915008A2289 /* Assets.xcassets */; };
		AFF2C3552D9C5915008A2289 /* LaunchScreen.storyboard in Resources */ = {isa = PBXBuildFile; fileRef = AFF2C34F2D9C5915008A2289 /* LaunchScreen.storyboard */; };
		AFF2C3562D9C5915008A2289 /* AppDelegate.swift in Sources */ = {isa = PBXBuildFile; fileRef = AFF2C34B2D9C5915008A2289 /* AppDelegate.swift */; };
		AFF2C3572D9C5915008A2289 /* SceneDelegate.swift in Sources */ = {isa = PBXBuildFile; fileRef = AFF2C3502D9C5915008A2289 /* SceneDelegate.swift */; };
		AFF2C35B2D9C5B3B008A2289 /* NFTData.swift in Sources */ = {isa = PBXBuildFile; fileRef = AFF2C35A2D9C5B3B008A2289 /* NFTData.swift */; };
		AFF2C35D2D9C5B74008A2289 /* WalletData.swift in Sources */ = {isa = PBXBuildFile; fileRef = AFF2C35C2D9C5B74008A2289 /* WalletData.swift */; };
		AFF2C3622D9C5CC2008A2289 /* CACornerMask+Extension.swift in Sources */ = {isa = PBXBuildFile; fileRef = AFF2C3612D9C5CC2008A2289 /* CACornerMask+Extension.swift */; };
		AFF2C3642D9C5D2E008A2289 /* UIView+Extension.swift in Sources */ = {isa = PBXBuildFile; fileRef = AFF2C3632D9C5D2E008A2289 /* UIView+Extension.swift */; };
		AFF2C3662D9C5D55008A2289 /* UIViewController+Extension.swift in Sources */ = {isa = PBXBuildFile; fileRef = AFF2C3652D9C5D55008A2289 /* UIViewController+Extension.swift */; };
		AFF2C3682D9C5D7B008A2289 /* String+Extension.swift in Sources */ = {isa = PBXBuildFile; fileRef = AFF2C3672D9C5D7B008A2289 /* String+Extension.swift */; };
		AFF2C36B2D9C5DCC008A2289 /* HomeData.json in Resources */ = {isa = PBXBuildFile; fileRef = AFF2C3692D9C5DCC008A2289 /* HomeData.json */; };
		AFF2C36C2D9C5DCC008A2289 /* WalletData.json in Resources */ = {isa = PBXBuildFile; fileRef = AFF2C36A2D9C5DCC008A2289 /* WalletData.json */; };
		AFF2C3702D9C5E75008A2289 /* AlertController.swift in Sources */ = {isa = PBXBuildFile; fileRef = AFF2C36F2D9C5E75008A2289 /* AlertController.swift */; };
		AFF2C3732D9C5EE2008A2289 /* TabBarVC.swift in Sources */ = {isa = PBXBuildFile; fileRef = AFF2C3722D9C5EE2008A2289 /* TabBarVC.swift */; };
		AFF2C3782D9C5F6F008A2289 /* GenericService.swift in Sources */ = {isa = PBXBuildFile; fileRef = AFF2C3772D9C5F6F008A2289 /* GenericService.swift */; };
		AFF2C37A2D9C5FA1008A2289 /* WalletService.swift in Sources */ = {isa = PBXBuildFile; fileRef = AFF2C3792D9C5FA1008A2289 /* WalletService.swift */; };
		AFF2C37C2D9C5FC0008A2289 /* HomeService.swift in Sources */ = {isa = PBXBuildFile; fileRef = AFF2C37B2D9C5FC0008A2289 /* HomeService.swift */; };
		AFF2C3812D9C609B008A2289 /* LoginVC.swift in Sources */ = {isa = PBXBuildFile; fileRef = AFF2C3802D9C609B008A2289 /* LoginVC.swift */; };
		AFF2C3832D9C60DD008A2289 /* LoginScreen.swift in Sources */ = {isa = PBXBuildFile; fileRef = AFF2C3822D9C60DD008A2289 /* LoginScreen.swift */; };
		AFF2C3882D9C6160008A2289 /* HomeVC.swift in Sources */ = {isa = PBXBuildFile; fileRef = AFF2C3872D9C6160008A2289 /* HomeVC.swift */; };
		AFF2C38A2D9C61D9008A2289 /* HomeViewModel.swift in Sources */ = {isa = PBXBuildFile; fileRef = AFF2C3892D9C61D9008A2289 /* HomeViewModel.swift */; };
		AFF2C38C2D9C620D008A2289 /* HomeScreen.swift in Sources */ = {isa = PBXBuildFile; fileRef = AFF2C38B2D9C620D008A2289 /* HomeScreen.swift */; };
		AFF2C3912D9C63B4008A2289 /* NftFilterCollectionViewCell.swift in Sources */ = {isa = PBXBuildFile; fileRef = AFF2C3902D9C63B4008A2289 /* NftFilterCollectionViewCell.swift */; };
		AFF2C3932D9C63DD008A2289 /* NftFilterCollectionViewCellScreen.swift in Sources */ = {isa = PBXBuildFile; fileRef = AFF2C3922D9C63DD008A2289 /* NftFilterCollectionViewCellScreen.swift */; };
		AFF2C3972D9C6446008A2289 /* NftTableViewCell.swift in Sources */ = {isa = PBXBuildFile; fileRef = AFF2C3962D9C6446008A2289 /* NftTableViewCell.swift */; };
		AFF2C3992D9C648B008A2289 /* NftTableViewCellScreen.swift in Sources */ = {isa = PBXBuildFile; fileRef = AFF2C3982D9C648B008A2289 /* NftTableViewCellScreen.swift */; };
		AFF2C39D2D9C64FC008A2289 /* NftImageTableViewCell.swift in Sources */ = {isa = PBXBuildFile; fileRef = AFF2C39C2D9C64FC008A2289 /* NftImageTableViewCell.swift */; };
		AFF2C39F2D9C652A008A2289 /* NftImageTableViewCellScreen.swift in Sources */ = {isa = PBXBuildFile; fileRef = AFF2C39E2D9C652A008A2289 /* NftImageTableViewCellScreen.swift */; };
		AFF2C3A32D9C659D008A2289 /* NftDescriptionTableViewCell.swift in Sources */ = {isa = PBXBuildFile; fileRef = AFF2C3A22D9C659D008A2289 /* NftDescriptionTableViewCell.swift */; };
		AFF2C3A52D9C65D1008A2289 /* NftDescriptionTableViewCellScreen.swift in Sources */ = {isa = PBXBuildFile; fileRef = AFF2C3A42D9C65D1008A2289 /* NftDescriptionTableViewCellScreen.swift */; };
		AFF2C3A82D9C6662008A2289 /* LastestDealTableViewCell.swift in Sources */ = {isa = PBXBuildFile; fileRef = AFF2C3A72D9C6662008A2289 /* LastestDealTableViewCell.swift */; };
		AFF2C3AB2D9C6697008A2289 /* LastestDealTableViewCellScreen.swift in Sources */ = {isa = PBXBuildFile; fileRef = AFF2C3AA2D9C6697008A2289 /* LastestDealTableViewCellScreen.swift */; };
		AFF2C3AE2D9C66CE008A2289 /* LastestDealTableViewCellViewModel.swift in Sources */ = {isa = PBXBuildFile; fileRef = AFF2C3AD2D9C66CE008A2289 /* LastestDealTableViewCellViewModel.swift */; };
		AFF2C3B02D9C6722008A2289 /* ListOffersTableViewCell.swift in Sources */ = {isa = PBXBuildFile; fileRef = AFF2C3AF2D9C6722008A2289 /* ListOffersTableViewCell.swift */; };
		AFF2C3B42D9C6773008A2289 /* ListOffersTableViewCellScreen.swift in Sources */ = {isa = PBXBuildFile; fileRef = AFF2C3B32D9C6773008A2289 /* ListOffersTableViewCellScreen.swift */; };
		AFF2C3B72D9C67BA008A2289 /* QuotationEthTableViewCell.swift in Sources */ = {isa = PBXBuildFile; fileRef = AFF2C3B62D9C67BA008A2289 /* QuotationEthTableViewCell.swift */; };
		AFF2C3BA2D9C67E6008A2289 /* QuotationEthTableViewCellScreen.swift in Sources */ = {isa = PBXBuildFile; fileRef = AFF2C3B92D9C67E6008A2289 /* QuotationEthTableViewCellScreen.swift */; };
		AFF2C3BD2D9C6833008A2289 /* LatestTransactionsTableViewCell.swift in Sources */ = {isa = PBXBuildFile; fileRef = AFF2C3BC2D9C6833008A2289 /* LatestTransactionsTableViewCell.swift */; };
		AFF2C3C02D9C686B008A2289 /* LatestTransactionsTableViewCellScreen.swift in Sources */ = {isa = PBXBuildFile; fileRef = AFF2C3BF2D9C686B008A2289 /* LatestTransactionsTableViewCellScreen.swift */; };
		AFF2C3C32D9C68B6008A2289 /* LatestTransactionsTableViewCellViewModel.swift in Sources */ = {isa = PBXBuildFile; fileRef = AFF2C3C22D9C68B6008A2289 /* LatestTransactionsTableViewCellViewModel.swift */; };
		AFF2C3C62D9C6969008A2289 /* ListOfTransactionTableViewCell.swift in Sources */ = {isa = PBXBuildFile; fileRef = AFF2C3C52D9C6969008A2289 /* ListOfTransactionTableViewCell.swift */; };
		AFF2C3C92D9C699F008A2289 /* ListOfTransactionTableViewCellScreen.swift in Sources */ = {isa = PBXBuildFile; fileRef = AFF2C3C82D9C699F008A2289 /* ListOfTransactionTableViewCellScreen.swift */; };
		AFF2C3CC2D9C69DB008A2289 /* ProfileImageTableViewCell.swift in Sources */ = {isa = PBXBuildFile; fileRef = AFF2C3CB2D9C69DB008A2289 /* ProfileImageTableViewCell.swift */; };
		AFF2C3CF2D9C6A0D008A2289 /* ProfileImageTableViewCellScreen.swift in Sources */ = {isa = PBXBuildFile; fileRef = AFF2C3CE2D9C6A0D008A2289 /* ProfileImageTableViewCellScreen.swift */; };
		AFF2C3D22D9C6A48008A2289 /* ProfileTableViewCell.swift in Sources */ = {isa = PBXBuildFile; fileRef = AFF2C3D12D9C6A48008A2289 /* ProfileTableViewCell.swift */; };
		AFF2C3D52D9C6A78008A2289 /* ProfileTableViewCellScreen.swift in Sources */ = {isa = PBXBuildFile; fileRef = AFF2C3D42D9C6A78008A2289 /* ProfileTableViewCellScreen.swift */; };
		AFF2C3D82D9C6AD2008A2289 /* NftDetailVC.swift in Sources */ = {isa = PBXBuildFile; fileRef = AFF2C3D72D9C6AD2008A2289 /* NftDetailVC.swift */; };
		AFF2C3DB2D9C6B40008A2289 /* NftDetailViewModel.swift in Sources */ = {isa = PBXBuildFile; fileRef = AFF2C3DA2D9C6B40008A2289 /* NftDetailViewModel.swift */; };
		AFF2C3DD2D9C6B6B008A2289 /* NftDetailScreen.swift in Sources */ = {isa = PBXBuildFile; fileRef = AFF2C3DC2D9C6B6B008A2289 /* NftDetailScreen.swift */; };
		AFF2C3E12D9C6BCB008A2289 /* MagnifyingGlassVC.swift in Sources */ = {isa = PBXBuildFile; fileRef = AFF2C3E02D9C6BCB008A2289 /* MagnifyingGlassVC.swift */; };
		AFF2C3E42D9C6C06008A2289 /* MagnifyingGlassScreen.swift in Sources */ = {isa = PBXBuildFile; fileRef = AFF2C3E32D9C6C06008A2289 /* MagnifyingGlassScreen.swift */; };
		AFF2C3E72D9C6C47008A2289 /* WalletVC.swift in Sources */ = {isa = PBXBuildFile; fileRef = AFF2C3E62D9C6C47008A2289 /* WalletVC.swift */; };
		AFF2C3EA2D9C6C74008A2289 /* WalletScreen.swift in Sources */ = {isa = PBXBuildFile; fileRef = AFF2C3E92D9C6C74008A2289 /* WalletScreen.swift */; };
		AFF2C3ED2D9C6CA0008A2289 /* WalletViewModel.swift in Sources */ = {isa = PBXBuildFile; fileRef = AFF2C3EC2D9C6CA0008A2289 /* WalletViewModel.swift */; };
		AFF2C3F02D9C6CE2008A2289 /* ProfileVC.swift in Sources */ = {isa = PBXBuildFile; fileRef = AFF2C3EF2D9C6CE2008A2289 /* ProfileVC.swift */; };
		AFF2C3F32D9C6D10008A2289 /* ProfileScreen.swift in Sources */ = {isa = PBXBuildFile; fileRef = AFF2C3F22D9C6D10008A2289 /* ProfileScreen.swift */; };
		AFF2C3F62D9C6D4E008A2289 /* ProfileViewModel.swift in Sources */ = {isa = PBXBuildFile; fileRef = AFF2C3F52D9C6D4E008A2289 /* ProfileViewModel.swift */; };
		AFF2C3F82D9C6FD6008A2289 /* GoogleService-Info.plist in Resources */ = {isa = PBXBuildFile; fileRef = AFF2C3F72D9C6FD6008A2289 /* GoogleService-Info.plist */; };
		AFF2C3FB2D9C7034008A2289 /* FirebaseAuth in Frameworks */ = {isa = PBXBuildFile; productRef = AFF2C3FA2D9C7034008A2289 /* FirebaseAuth */; };
		AFF2C3FD2D9C7034008A2289 /* FirebaseCrashlytics in Frameworks */ = {isa = PBXBuildFile; productRef = AFF2C3FC2D9C7034008A2289 /* FirebaseCrashlytics */; };
/* End PBXBuildFile section */

/* Begin PBXFileReference section */
		74883043C6BF786B44B6F8FC /* Pods-ArtShowcase.release.xcconfig */ = {isa = PBXFileReference; includeInIndex = 1; lastKnownFileType = text.xcconfig; name = "Pods-ArtShowcase.release.xcconfig"; path = "Target Support Files/Pods-ArtShowcase/Pods-ArtShowcase.release.xcconfig"; sourceTree = "<group>"; };
		AFF2C3332D9C5902008A2289 /* ArtShowcase.app */ = {isa = PBXFileReference; explicitFileType = wrapper.application; includeInIndex = 0; path = ArtShowcase.app; sourceTree = BUILT_PRODUCTS_DIR; };
		AFF2C34B2D9C5915008A2289 /* AppDelegate.swift */ = {isa = PBXFileReference; lastKnownFileType = sourcecode.swift; path = AppDelegate.swift; sourceTree = "<group>"; };
		AFF2C34C2D9C5915008A2289 /* Assets.xcassets */ = {isa = PBXFileReference; lastKnownFileType = folder.assetcatalog; path = Assets.xcassets; sourceTree = "<group>"; };
		AFF2C34D2D9C5915008A2289 /* Info.plist */ = {isa = PBXFileReference; lastKnownFileType = text.plist.xml; path = Info.plist; sourceTree = "<group>"; };
		AFF2C34E2D9C5915008A2289 /* Base */ = {isa = PBXFileReference; lastKnownFileType = file.storyboard; name = Base; path = Base.lproj/LaunchScreen.storyboard; sourceTree = "<group>"; };
		AFF2C3502D9C5915008A2289 /* SceneDelegate.swift */ = {isa = PBXFileReference; lastKnownFileType = sourcecode.swift; path = SceneDelegate.swift; sourceTree = "<group>"; };
		AFF2C35A2D9C5B3B008A2289 /* NFTData.swift */ = {isa = PBXFileReference; lastKnownFileType = sourcecode.swift; path = NFTData.swift; sourceTree = "<group>"; };
		AFF2C35C2D9C5B74008A2289 /* WalletData.swift */ = {isa = PBXFileReference; lastKnownFileType = sourcecode.swift; path = WalletData.swift; sourceTree = "<group>"; };
		AFF2C3612D9C5CC2008A2289 /* CACornerMask+Extension.swift */ = {isa = PBXFileReference; lastKnownFileType = sourcecode.swift; path = "CACornerMask+Extension.swift"; sourceTree = "<group>"; };
		AFF2C3632D9C5D2E008A2289 /* UIView+Extension.swift */ = {isa = PBXFileReference; lastKnownFileType = sourcecode.swift; path = "UIView+Extension.swift"; sourceTree = "<group>"; };
		AFF2C3652D9C5D55008A2289 /* UIViewController+Extension.swift */ = {isa = PBXFileReference; lastKnownFileType = sourcecode.swift; path = "UIViewController+Extension.swift"; sourceTree = "<group>"; };
		AFF2C3672D9C5D7B008A2289 /* String+Extension.swift */ = {isa = PBXFileReference; lastKnownFileType = sourcecode.swift; path = "String+Extension.swift"; sourceTree = "<group>"; };
		AFF2C3692D9C5DCC008A2289 /* HomeData.json */ = {isa = PBXFileReference; lastKnownFileType = text.json; path = HomeData.json; sourceTree = "<group>"; };
		AFF2C36A2D9C5DCC008A2289 /* WalletData.json */ = {isa = PBXFileReference; lastKnownFileType = text.json; path = WalletData.json; sourceTree = "<group>"; };
		AFF2C36F2D9C5E75008A2289 /* AlertController.swift */ = {isa = PBXFileReference; lastKnownFileType = sourcecode.swift; path = AlertController.swift; sourceTree = "<group>"; };
		AFF2C3722D9C5EE2008A2289 /* TabBarVC.swift */ = {isa = PBXFileReference; lastKnownFileType = sourcecode.swift; path = TabBarVC.swift; sourceTree = "<group>"; };
		AFF2C3772D9C5F6F008A2289 /* GenericService.swift */ = {isa = PBXFileReference; lastKnownFileType = sourcecode.swift; path = GenericService.swift; sourceTree = "<group>"; };
		AFF2C3792D9C5FA1008A2289 /* WalletService.swift */ = {isa = PBXFileReference; lastKnownFileType = sourcecode.swift; path = WalletService.swift; sourceTree = "<group>"; };
		AFF2C37B2D9C5FC0008A2289 /* HomeService.swift */ = {isa = PBXFileReference; lastKnownFileType = sourcecode.swift; path = HomeService.swift; sourceTree = "<group>"; };
		AFF2C3802D9C609B008A2289 /* LoginVC.swift */ = {isa = PBXFileReference; lastKnownFileType = sourcecode.swift; path = LoginVC.swift; sourceTree = "<group>"; };
		AFF2C3822D9C60DD008A2289 /* LoginScreen.swift */ = {isa = PBXFileReference; lastKnownFileType = sourcecode.swift; path = LoginScreen.swift; sourceTree = "<group>"; };
		AFF2C3872D9C6160008A2289 /* HomeVC.swift */ = {isa = PBXFileReference; lastKnownFileType = sourcecode.swift; path = HomeVC.swift; sourceTree = "<group>"; };
		AFF2C3892D9C61D9008A2289 /* HomeViewModel.swift */ = {isa = PBXFileReference; lastKnownFileType = sourcecode.swift; path = HomeViewModel.swift; sourceTree = "<group>"; };
		AFF2C38B2D9C620D008A2289 /* HomeScreen.swift */ = {isa = PBXFileReference; lastKnownFileType = sourcecode.swift; path = HomeScreen.swift; sourceTree = "<group>"; };
		AFF2C3902D9C63B4008A2289 /* NftFilterCollectionViewCell.swift */ = {isa = PBXFileReference; lastKnownFileType = sourcecode.swift; path = NftFilterCollectionViewCell.swift; sourceTree = "<group>"; };
		AFF2C3922D9C63DD008A2289 /* NftFilterCollectionViewCellScreen.swift */ = {isa = PBXFileReference; lastKnownFileType = sourcecode.swift; path = NftFilterCollectionViewCellScreen.swift; sourceTree = "<group>"; };
		AFF2C3962D9C6446008A2289 /* NftTableViewCell.swift */ = {isa = PBXFileReference; lastKnownFileType = sourcecode.swift; path = NftTableViewCell.swift; sourceTree = "<group>"; };
		AFF2C3982D9C648B008A2289 /* NftTableViewCellScreen.swift */ = {isa = PBXFileReference; lastKnownFileType = sourcecode.swift; path = NftTableViewCellScreen.swift; sourceTree = "<group>"; };
		AFF2C39C2D9C64FC008A2289 /* NftImageTableViewCell.swift */ = {isa = PBXFileReference; lastKnownFileType = sourcecode.swift; path = NftImageTableViewCell.swift; sourceTree = "<group>"; };
		AFF2C39E2D9C652A008A2289 /* NftImageTableViewCellScreen.swift */ = {isa = PBXFileReference; lastKnownFileType = sourcecode.swift; path = NftImageTableViewCellScreen.swift; sourceTree = "<group>"; };
		AFF2C3A22D9C659D008A2289 /* NftDescriptionTableViewCell.swift */ = {isa = PBXFileReference; lastKnownFileType = sourcecode.swift; path = NftDescriptionTableViewCell.swift; sourceTree = "<group>"; };
		AFF2C3A42D9C65D1008A2289 /* NftDescriptionTableViewCellScreen.swift */ = {isa = PBXFileReference; lastKnownFileType = sourcecode.swift; path = NftDescriptionTableViewCellScreen.swift; sourceTree = "<group>"; };
		AFF2C3A72D9C6662008A2289 /* LastestDealTableViewCell.swift */ = {isa = PBXFileReference; lastKnownFileType = sourcecode.swift; path = LastestDealTableViewCell.swift; sourceTree = "<group>"; };
		AFF2C3AA2D9C6697008A2289 /* LastestDealTableViewCellScreen.swift */ = {isa = PBXFileReference; lastKnownFileType = sourcecode.swift; path = LastestDealTableViewCellScreen.swift; sourceTree = "<group>"; };
		AFF2C3AD2D9C66CE008A2289 /* LastestDealTableViewCellViewModel.swift */ = {isa = PBXFileReference; lastKnownFileType = sourcecode.swift; path = LastestDealTableViewCellViewModel.swift; sourceTree = "<group>"; };
		AFF2C3AF2D9C6722008A2289 /* ListOffersTableViewCell.swift */ = {isa = PBXFileReference; lastKnownFileType = sourcecode.swift; path = ListOffersTableViewCell.swift; sourceTree = "<group>"; };
		AFF2C3B32D9C6773008A2289 /* ListOffersTableViewCellScreen.swift */ = {isa = PBXFileReference; lastKnownFileType = sourcecode.swift; path = ListOffersTableViewCellScreen.swift; sourceTree = "<group>"; };
		AFF2C3B62D9C67BA008A2289 /* QuotationEthTableViewCell.swift */ = {isa = PBXFileReference; lastKnownFileType = sourcecode.swift; path = QuotationEthTableViewCell.swift; sourceTree = "<group>"; };
		AFF2C3B92D9C67E6008A2289 /* QuotationEthTableViewCellScreen.swift */ = {isa = PBXFileReference; lastKnownFileType = sourcecode.swift; path = QuotationEthTableViewCellScreen.swift; sourceTree = "<group>"; };
		AFF2C3BC2D9C6833008A2289 /* LatestTransactionsTableViewCell.swift */ = {isa = PBXFileReference; lastKnownFileType = sourcecode.swift; path = LatestTransactionsTableViewCell.swift; sourceTree = "<group>"; };
		AFF2C3BF2D9C686B008A2289 /* LatestTransactionsTableViewCellScreen.swift */ = {isa = PBXFileReference; lastKnownFileType = sourcecode.swift; path = LatestTransactionsTableViewCellScreen.swift; sourceTree = "<group>"; };
		AFF2C3C22D9C68B6008A2289 /* LatestTransactionsTableViewCellViewModel.swift */ = {isa = PBXFileReference; lastKnownFileType = sourcecode.swift; path = LatestTransactionsTableViewCellViewModel.swift; sourceTree = "<group>"; };
		AFF2C3C52D9C6969008A2289 /* ListOfTransactionTableViewCell.swift */ = {isa = PBXFileReference; lastKnownFileType = sourcecode.swift; path = ListOfTransactionTableViewCell.swift; sourceTree = "<group>"; };
		AFF2C3C82D9C699F008A2289 /* ListOfTransactionTableViewCellScreen.swift */ = {isa = PBXFileReference; lastKnownFileType = sourcecode.swift; path = ListOfTransactionTableViewCellScreen.swift; sourceTree = "<group>"; };
		AFF2C3CB2D9C69DB008A2289 /* ProfileImageTableViewCell.swift */ = {isa = PBXFileReference; lastKnownFileType = sourcecode.swift; path = ProfileImageTableViewCell.swift; sourceTree = "<group>"; };
		AFF2C3CE2D9C6A0D008A2289 /* ProfileImageTableViewCellScreen.swift */ = {isa = PBXFileReference; lastKnownFileType = sourcecode.swift; path = ProfileImageTableViewCellScreen.swift; sourceTree = "<group>"; };
		AFF2C3D12D9C6A48008A2289 /* ProfileTableViewCell.swift */ = {isa = PBXFileReference; lastKnownFileType = sourcecode.swift; path = ProfileTableViewCell.swift; sourceTree = "<group>"; };
		AFF2C3D42D9C6A78008A2289 /* ProfileTableViewCellScreen.swift */ = {isa = PBXFileReference; lastKnownFileType = sourcecode.swift; path = ProfileTableViewCellScreen.swift; sourceTree = "<group>"; };
		AFF2C3D72D9C6AD2008A2289 /* NftDetailVC.swift */ = {isa = PBXFileReference; lastKnownFileType = sourcecode.swift; path = NftDetailVC.swift; sourceTree = "<group>"; };
		AFF2C3DA2D9C6B40008A2289 /* NftDetailViewModel.swift */ = {isa = PBXFileReference; lastKnownFileType = sourcecode.swift; path = NftDetailViewModel.swift; sourceTree = "<group>"; };
		AFF2C3DC2D9C6B6B008A2289 /* NftDetailScreen.swift */ = {isa = PBXFileReference; lastKnownFileType = sourcecode.swift; path = NftDetailScreen.swift; sourceTree = "<group>"; };
		AFF2C3E02D9C6BCB008A2289 /* MagnifyingGlassVC.swift */ = {isa = PBXFileReference; lastKnownFileType = sourcecode.swift; path = MagnifyingGlassVC.swift; sourceTree = "<group>"; };
		AFF2C3E32D9C6C06008A2289 /* MagnifyingGlassScreen.swift */ = {isa = PBXFileReference; lastKnownFileType = sourcecode.swift; path = MagnifyingGlassScreen.swift; sourceTree = "<group>"; };
		AFF2C3E62D9C6C47008A2289 /* WalletVC.swift */ = {isa = PBXFileReference; lastKnownFileType = sourcecode.swift; path = WalletVC.swift; sourceTree = "<group>"; };
		AFF2C3E92D9C6C74008A2289 /* WalletScreen.swift */ = {isa = PBXFileReference; lastKnownFileType = sourcecode.swift; path = WalletScreen.swift; sourceTree = "<group>"; };
		AFF2C3EC2D9C6CA0008A2289 /* WalletViewModel.swift */ = {isa = PBXFileReference; lastKnownFileType = sourcecode.swift; path = WalletViewModel.swift; sourceTree = "<group>"; };
		AFF2C3EF2D9C6CE2008A2289 /* ProfileVC.swift */ = {isa = PBXFileReference; lastKnownFileType = sourcecode.swift; path = ProfileVC.swift; sourceTree = "<group>"; };
		AFF2C3F22D9C6D10008A2289 /* ProfileScreen.swift */ = {isa = PBXFileReference; lastKnownFileType = sourcecode.swift; path = ProfileScreen.swift; sourceTree = "<group>"; };
		AFF2C3F52D9C6D4E008A2289 /* ProfileViewModel.swift */ = {isa = PBXFileReference; lastKnownFileType = sourcecode.swift; path = ProfileViewModel.swift; sourceTree = "<group>"; };
		AFF2C3F72D9C6FD6008A2289 /* GoogleService-Info.plist */ = {isa = PBXFileReference; lastKnownFileType = text.plist.xml; path = "GoogleService-Info.plist"; sourceTree = "<group>"; };
		B8A82D5B0962475767FA7E02 /* Pods_ArtShowcase.framework */ = {isa = PBXFileReference; explicitFileType = wrapper.framework; includeInIndex = 0; path = Pods_ArtShowcase.framework; sourceTree = BUILT_PRODUCTS_DIR; };
		D78558E7F53710A8BA7DF501 /* Pods-ArtShowcase.debug.xcconfig */ = {isa = PBXFileReference; includeInIndex = 1; lastKnownFileType = text.xcconfig; name = "Pods-ArtShowcase.debug.xcconfig"; path = "Target Support Files/Pods-ArtShowcase/Pods-ArtShowcase.debug.xcconfig"; sourceTree = "<group>"; };
/* End PBXFileReference section */

/* Begin PBXFrameworksBuildPhase section */
		AFF2C3302D9C5902008A2289 /* Frameworks */ = {
			isa = PBXFrameworksBuildPhase;
			buildActionMask = 2147483647;
			files = (
				AFF2C3FB2D9C7034008A2289 /* FirebaseAuth in Frameworks */,
				AFF2C3FD2D9C7034008A2289 /* FirebaseCrashlytics in Frameworks */,
				514B6A91A01A0B5D4C2564D9 /* Pods_ArtShowcase.framework in Frameworks */,
			);
			runOnlyForDeploymentPostprocessing = 0;
		};
/* End PBXFrameworksBuildPhase section */

/* Begin PBXGroup section */
		64F85E877C289EBBC301C600 /* Pods */ = {
			isa = PBXGroup;
			children = (
				D78558E7F53710A8BA7DF501 /* Pods-ArtShowcase.debug.xcconfig */,
				74883043C6BF786B44B6F8FC /* Pods-ArtShowcase.release.xcconfig */,
			);
			path = Pods;
			sourceTree = "<group>";
		};
		AFF2C32A2D9C5902008A2289 = {
			isa = PBXGroup;
			children = (
				AFF2C3522D9C5915008A2289 /* ArtShowcase */,
				AFF2C3342D9C5902008A2289 /* Products */,
				64F85E877C289EBBC301C600 /* Pods */,
				ED69D301165BBCF9C7D6E521 /* Frameworks */,
			);
			sourceTree = "<group>";
		};
		AFF2C3342D9C5902008A2289 /* Products */ = {
			isa = PBXGroup;
			children = (
				AFF2C3332D9C5902008A2289 /* ArtShowcase.app */,
			);
			name = Products;
			sourceTree = "<group>";
		};
		AFF2C3522D9C5915008A2289 /* ArtShowcase */ = {
			isa = PBXGroup;
			children = (
				AFF2C37D2D9C602D008A2289 /* Feature */,
				AFF2C3742D9C5F25008A2289 /* Service */,
				AFF2C3712D9C5EA3008A2289 /* TabBarController */,
				AFF2C36D2D9C5E2F008A2289 /* Alert */,
				AFF2C3592D9C5B00008A2289 /* Model */,
				AFF2C35E2D9C5BA7008A2289 /* Json */,
				AFF2C35F2D9C5C09008A2289 /* Utils */,
				AFF2C3502D9C5915008A2289 /* SceneDelegate.swift */,
				AFF2C34B2D9C5915008A2289 /* AppDelegate.swift */,
				AFF2C34F2D9C5915008A2289 /* LaunchScreen.storyboard */,
				AFF2C34C2D9C5915008A2289 /* Assets.xcassets */,
				AFF2C3F72D9C6FD6008A2289 /* GoogleService-Info.plist */,
				AFF2C34D2D9C5915008A2289 /* Info.plist */,
			);
			path = ArtShowcase;
			sourceTree = "<group>";
		};
		AFF2C3592D9C5B00008A2289 /* Model */ = {
			isa = PBXGroup;
			children = (
				AFF2C35A2D9C5B3B008A2289 /* NFTData.swift */,
				AFF2C35C2D9C5B74008A2289 /* WalletData.swift */,
			);
			path = Model;
			sourceTree = "<group>";
		};
		AFF2C35E2D9C5BA7008A2289 /* Json */ = {
			isa = PBXGroup;
			children = (
				AFF2C3692D9C5DCC008A2289 /* HomeData.json */,
				AFF2C36A2D9C5DCC008A2289 /* WalletData.json */,
			);
			path = Json;
			sourceTree = "<group>";
		};
		AFF2C35F2D9C5C09008A2289 /* Utils */ = {
			isa = PBXGroup;
			children = (
				AFF2C3602D9C5C8F008A2289 /* Extension */,
			);
			path = Utils;
			sourceTree = "<group>";
		};
		AFF2C3602D9C5C8F008A2289 /* Extension */ = {
			isa = PBXGroup;
			children = (
				AFF2C3612D9C5CC2008A2289 /* CACornerMask+Extension.swift */,
				AFF2C3632D9C5D2E008A2289 /* UIView+Extension.swift */,
				AFF2C3652D9C5D55008A2289 /* UIViewController+Extension.swift */,
				AFF2C3672D9C5D7B008A2289 /* String+Extension.swift */,
			);
			path = Extension;
			sourceTree = "<group>";
		};
		AFF2C36D2D9C5E2F008A2289 /* Alert */ = {
			isa = PBXGroup;
			children = (
				AFF2C36F2D9C5E75008A2289 /* AlertController.swift */,
			);
			path = Alert;
			sourceTree = "<group>";
		};
		AFF2C3712D9C5EA3008A2289 /* TabBarController */ = {
			isa = PBXGroup;
			children = (
				AFF2C3722D9C5EE2008A2289 /* TabBarVC.swift */,
			);
			path = TabBarController;
			sourceTree = "<group>";
		};
		AFF2C3742D9C5F25008A2289 /* Service */ = {
			isa = PBXGroup;
			children = (
				AFF2C3762D9C5F44008A2289 /* HomeService */,
				AFF2C3752D9C5F2F008A2289 /* WalletService */,
				AFF2C3772D9C5F6F008A2289 /* GenericService.swift */,
			);
			path = Service;
			sourceTree = "<group>";
		};
		AFF2C3752D9C5F2F008A2289 /* WalletService */ = {
			isa = PBXGroup;
			children = (
				AFF2C3792D9C5FA1008A2289 /* WalletService.swift */,
			);
			path = WalletService;
			sourceTree = "<group>";
		};
		AFF2C3762D9C5F44008A2289 /* HomeService */ = {
			isa = PBXGroup;
			children = (
				AFF2C37B2D9C5FC0008A2289 /* HomeService.swift */,
			);
			path = HomeService;
			sourceTree = "<group>";
		};
		AFF2C37D2D9C602D008A2289 /* Feature */ = {
			isa = PBXGroup;
			children = (
				AFF2C3EE2D9C6CC8008A2289 /* Profile */,
				AFF2C3E52D9C6C35008A2289 /* Wallet */,
				AFF2C3DF2D9C6BB7008A2289 /* MagnifyingGlass */,
				AFF2C3D62D9C6AB1008A2289 /* NftDetail */,
				AFF2C38D2D9C6247008A2289 /* Cells */,
				AFF2C3842D9C6135008A2289 /* Home */,
				AFF2C37E2D9C6054008A2289 /* Login */,
			);
			path = Feature;
			sourceTree = "<group>";
		};
		AFF2C37E2D9C6054008A2289 /* Login */ = {
			isa = PBXGroup;
			children = (
				AFF2C37F2D9C606A008A2289 /* Screen */,
				AFF2C3802D9C609B008A2289 /* LoginVC.swift */,
			);
			path = Login;
			sourceTree = "<group>";
		};
		AFF2C37F2D9C606A008A2289 /* Screen */ = {
			isa = PBXGroup;
			children = (
				AFF2C3822D9C60DD008A2289 /* LoginScreen.swift */,
			);
			path = Screen;
			sourceTree = "<group>";
		};
		AFF2C3842D9C6135008A2289 /* Home */ = {
			isa = PBXGroup;
			children = (
				AFF2C3862D9C6143008A2289 /* Screen */,
				AFF2C3852D9C613B008A2289 /* ViewModel */,
				AFF2C3872D9C6160008A2289 /* HomeVC.swift */,
			);
			path = Home;
			sourceTree = "<group>";
		};
		AFF2C3852D9C613B008A2289 /* ViewModel */ = {
			isa = PBXGroup;
			children = (
				AFF2C3892D9C61D9008A2289 /* HomeViewModel.swift */,
			);
			path = ViewModel;
			sourceTree = "<group>";
		};
		AFF2C3862D9C6143008A2289 /* Screen */ = {
			isa = PBXGroup;
			children = (
				AFF2C38B2D9C620D008A2289 /* HomeScreen.swift */,
			);
			path = Screen;
			sourceTree = "<group>";
		};
		AFF2C38D2D9C6247008A2289 /* Cells */ = {
			isa = PBXGroup;
			children = (
				AFF2C3D02D9C6A3B008A2289 /* ProfileTableViewCell */,
				AFF2C3CA2D9C69C7008A2289 /* ProfileImageTableViewCell */,
				AFF2C3C42D9C6956008A2289 /* ListOfTransactionTableViewCell */,
				AFF2C3BB2D9C681C008A2289 /* LatestTransactionsTableViewCell */,
				AFF2C3B52D9C67A5008A2289 /* QuotationEthTableViewCell */,
				AFF2C3B12D9C6737008A2289 /* ListOffersTableViewCell */,
				AFF2C3A62D9C6609008A2289 /* LastestDealTableViewCell */,
				AFF2C3A02D9C6570008A2289 /* NftDescriptionTableViewCell */,
				AFF2C39A2D9C64CB008A2289 /* NftImageTableViewCell */,
				AFF2C3942D9C6411008A2289 /* NftTableViewCell */,
				AFF2C38E2D9C635B008A2289 /* NftFilterCollectionViewCell */,
			);
			path = Cells;
			sourceTree = "<group>";
		};
		AFF2C38E2D9C635B008A2289 /* NftFilterCollectionViewCell */ = {
			isa = PBXGroup;
			children = (
				AFF2C38F2D9C6367008A2289 /* Screen */,
				AFF2C3902D9C63B4008A2289 /* NftFilterCollectionViewCell.swift */,
			);
			path = NftFilterCollectionViewCell;
			sourceTree = "<group>";
		};
		AFF2C38F2D9C6367008A2289 /* Screen */ = {
			isa = PBXGroup;
			children = (
				AFF2C3922D9C63DD008A2289 /* NftFilterCollectionViewCellScreen.swift */,
			);
			path = Screen;
			sourceTree = "<group>";
		};
		AFF2C3942D9C6411008A2289 /* NftTableViewCell */ = {
			isa = PBXGroup;
			children = (
				AFF2C3952D9C6418008A2289 /* Screen */,
				AFF2C3962D9C6446008A2289 /* NftTableViewCell.swift */,
			);
			path = NftTableViewCell;
			sourceTree = "<group>";
		};
		AFF2C3952D9C6418008A2289 /* Screen */ = {
			isa = PBXGroup;
			children = (
				AFF2C3982D9C648B008A2289 /* NftTableViewCellScreen.swift */,
			);
			path = Screen;
			sourceTree = "<group>";
		};
		AFF2C39A2D9C64CB008A2289 /* NftImageTableViewCell */ = {
			isa = PBXGroup;
			children = (
				AFF2C39B2D9C64D4008A2289 /* Screen */,
				AFF2C39C2D9C64FC008A2289 /* NftImageTableViewCell.swift */,
			);
			path = NftImageTableViewCell;
			sourceTree = "<group>";
		};
		AFF2C39B2D9C64D4008A2289 /* Screen */ = {
			isa = PBXGroup;
			children = (
				AFF2C39E2D9C652A008A2289 /* NftImageTableViewCellScreen.swift */,
			);
			path = Screen;
			sourceTree = "<group>";
		};
		AFF2C3A02D9C6570008A2289 /* NftDescriptionTableViewCell */ = {
			isa = PBXGroup;
			children = (
				AFF2C3A12D9C657A008A2289 /* Screen */,
				AFF2C3A22D9C659D008A2289 /* NftDescriptionTableViewCell.swift */,
			);
			path = NftDescriptionTableViewCell;
			sourceTree = "<group>";
		};
		AFF2C3A12D9C657A008A2289 /* Screen */ = {
			isa = PBXGroup;
			children = (
				AFF2C3A42D9C65D1008A2289 /* NftDescriptionTableViewCellScreen.swift */,
			);
			path = Screen;
			sourceTree = "<group>";
		};
		AFF2C3A62D9C6609008A2289 /* LastestDealTableViewCell */ = {
			isa = PBXGroup;
			children = (
				AFF2C3AC2D9C66B8008A2289 /* ViewModel */,
				AFF2C3A92D9C6682008A2289 /* Screen */,
				AFF2C3A72D9C6662008A2289 /* LastestDealTableViewCell.swift */,
			);
			path = LastestDealTableViewCell;
			sourceTree = "<group>";
		};
		AFF2C3A92D9C6682008A2289 /* Screen */ = {
			isa = PBXGroup;
			children = (
				AFF2C3AA2D9C6697008A2289 /* LastestDealTableViewCellScreen.swift */,
			);
			path = Screen;
			sourceTree = "<group>";
		};
		AFF2C3AC2D9C66B8008A2289 /* ViewModel */ = {
			isa = PBXGroup;
			children = (
				AFF2C3AD2D9C66CE008A2289 /* LastestDealTableViewCellViewModel.swift */,
			);
			path = ViewModel;
			sourceTree = "<group>";
		};
		AFF2C3B12D9C6737008A2289 /* ListOffersTableViewCell */ = {
			isa = PBXGroup;
			children = (
				AFF2C3B22D9C6763008A2289 /* Screen */,
				AFF2C3AF2D9C6722008A2289 /* ListOffersTableViewCell.swift */,
			);
			path = ListOffersTableViewCell;
			sourceTree = "<group>";
		};
		AFF2C3B22D9C6763008A2289 /* Screen */ = {
			isa = PBXGroup;
			children = (
				AFF2C3B32D9C6773008A2289 /* ListOffersTableViewCellScreen.swift */,
			);
			path = Screen;
			sourceTree = "<group>";
		};
		AFF2C3B52D9C67A5008A2289 /* QuotationEthTableViewCell */ = {
			isa = PBXGroup;
			children = (
				AFF2C3B82D9C67D7008A2289 /* Screen */,
				AFF2C3B62D9C67BA008A2289 /* QuotationEthTableViewCell.swift */,
			);
			path = QuotationEthTableViewCell;
			sourceTree = "<group>";
		};
		AFF2C3B82D9C67D7008A2289 /* Screen */ = {
			isa = PBXGroup;
			children = (
				AFF2C3B92D9C67E6008A2289 /* QuotationEthTableViewCellScreen.swift */,
			);
			path = Screen;
			sourceTree = "<group>";
		};
		AFF2C3BB2D9C681C008A2289 /* LatestTransactionsTableViewCell */ = {
			isa = PBXGroup;
			children = (
				AFF2C3C12D9C6895008A2289 /* ViewModel */,
				AFF2C3BE2D9C6851008A2289 /* Screen */,
				AFF2C3BC2D9C6833008A2289 /* LatestTransactionsTableViewCell.swift */,
			);
			path = LatestTransactionsTableViewCell;
			sourceTree = "<group>";
		};
		AFF2C3BE2D9C6851008A2289 /* Screen */ = {
			isa = PBXGroup;
			children = (
				AFF2C3BF2D9C686B008A2289 /* LatestTransactionsTableViewCellScreen.swift */,
			);
			path = Screen;
			sourceTree = "<group>";
		};
		AFF2C3C12D9C6895008A2289 /* ViewModel */ = {
			isa = PBXGroup;
			children = (
				AFF2C3C22D9C68B6008A2289 /* LatestTransactionsTableViewCellViewModel.swift */,
			);
			path = ViewModel;
			sourceTree = "<group>";
		};
		AFF2C3C42D9C6956008A2289 /* ListOfTransactionTableViewCell */ = {
			isa = PBXGroup;
			children = (
				AFF2C3C72D9C698E008A2289 /* Screen */,
				AFF2C3C52D9C6969008A2289 /* ListOfTransactionTableViewCell.swift */,
			);
			path = ListOfTransactionTableViewCell;
			sourceTree = "<group>";
		};
		AFF2C3C72D9C698E008A2289 /* Screen */ = {
			isa = PBXGroup;
			children = (
				AFF2C3C82D9C699F008A2289 /* ListOfTransactionTableViewCellScreen.swift */,
			);
			path = Screen;
			sourceTree = "<group>";
		};
		AFF2C3CA2D9C69C7008A2289 /* ProfileImageTableViewCell */ = {
			isa = PBXGroup;
			children = (
				AFF2C3CD2D9C69F6008A2289 /* Screen */,
				AFF2C3CB2D9C69DB008A2289 /* ProfileImageTableViewCell.swift */,
			);
			path = ProfileImageTableViewCell;
			sourceTree = "<group>";
		};
		AFF2C3CD2D9C69F6008A2289 /* Screen */ = {
			isa = PBXGroup;
			children = (
				AFF2C3CE2D9C6A0D008A2289 /* ProfileImageTableViewCellScreen.swift */,
			);
			path = Screen;
			sourceTree = "<group>";
		};
		AFF2C3D02D9C6A3B008A2289 /* ProfileTableViewCell */ = {
			isa = PBXGroup;
			children = (
				AFF2C3D32D9C6A64008A2289 /* Screen */,
				AFF2C3D12D9C6A48008A2289 /* ProfileTableViewCell.swift */,
			);
			path = ProfileTableViewCell;
			sourceTree = "<group>";
		};
		AFF2C3D32D9C6A64008A2289 /* Screen */ = {
			isa = PBXGroup;
			children = (
				AFF2C3D42D9C6A78008A2289 /* ProfileTableViewCellScreen.swift */,
			);
			path = Screen;
			sourceTree = "<group>";
		};
		AFF2C3D62D9C6AB1008A2289 /* NftDetail */ = {
			isa = PBXGroup;
			children = (
				AFF2C3DE2D9C6B82008A2289 /* Screen */,
				AFF2C3D92D9C6AF8008A2289 /* ViewModel */,
				AFF2C3D72D9C6AD2008A2289 /* NftDetailVC.swift */,
			);
			path = NftDetail;
			sourceTree = "<group>";
		};
		AFF2C3D92D9C6AF8008A2289 /* ViewModel */ = {
			isa = PBXGroup;
			children = (
				AFF2C3DA2D9C6B40008A2289 /* NftDetailViewModel.swift */,
			);
			path = ViewModel;
			sourceTree = "<group>";
		};
		AFF2C3DE2D9C6B82008A2289 /* Screen */ = {
			isa = PBXGroup;
			children = (
				AFF2C3DC2D9C6B6B008A2289 /* NftDetailScreen.swift */,
			);
			path = Screen;
			sourceTree = "<group>";
		};
		AFF2C3DF2D9C6BB7008A2289 /* MagnifyingGlass */ = {
			isa = PBXGroup;
			children = (
				AFF2C3E22D9C6BF5008A2289 /* Screen */,
				AFF2C3E02D9C6BCB008A2289 /* MagnifyingGlassVC.swift */,
			);
			path = MagnifyingGlass;
			sourceTree = "<group>";
		};
		AFF2C3E22D9C6BF5008A2289 /* Screen */ = {
			isa = PBXGroup;
			children = (
				AFF2C3E32D9C6C06008A2289 /* MagnifyingGlassScreen.swift */,
			);
			path = Screen;
			sourceTree = "<group>";
		};
		AFF2C3E52D9C6C35008A2289 /* Wallet */ = {
			isa = PBXGroup;
			children = (
				AFF2C3EB2D9C6C8F008A2289 /* ViewModel */,
				AFF2C3E82D9C6C60008A2289 /* Screen */,
				AFF2C3E62D9C6C47008A2289 /* WalletVC.swift */,
			);
			path = Wallet;
			sourceTree = "<group>";
		};
		AFF2C3E82D9C6C60008A2289 /* Screen */ = {
			isa = PBXGroup;
			children = (
				AFF2C3E92D9C6C74008A2289 /* WalletScreen.swift */,
			);
			path = Screen;
			sourceTree = "<group>";
		};
		AFF2C3EB2D9C6C8F008A2289 /* ViewModel */ = {
			isa = PBXGroup;
			children = (
				AFF2C3EC2D9C6CA0008A2289 /* WalletViewModel.swift */,
			);
			path = ViewModel;
			sourceTree = "<group>";
		};
		AFF2C3EE2D9C6CC8008A2289 /* Profile */ = {
			isa = PBXGroup;
			children = (
				AFF2C3F42D9C6D1C008A2289 /* ViewModel */,
				AFF2C3F12D9C6CF9008A2289 /* Screen */,
				AFF2C3EF2D9C6CE2008A2289 /* ProfileVC.swift */,
			);
			path = Profile;
			sourceTree = "<group>";
		};
		AFF2C3F12D9C6CF9008A2289 /* Screen */ = {
			isa = PBXGroup;
			children = (
				AFF2C3F22D9C6D10008A2289 /* ProfileScreen.swift */,
			);
			path = Screen;
			sourceTree = "<group>";
		};
		AFF2C3F42D9C6D1C008A2289 /* ViewModel */ = {
			isa = PBXGroup;
			children = (
				AFF2C3F52D9C6D4E008A2289 /* ProfileViewModel.swift */,
			);
			path = ViewModel;
			sourceTree = "<group>";
		};
		ED69D301165BBCF9C7D6E521 /* Frameworks */ = {
			isa = PBXGroup;
			children = (
				B8A82D5B0962475767FA7E02 /* Pods_ArtShowcase.framework */,
			);
			name = Frameworks;
			sourceTree = "<group>";
		};
/* End PBXGroup section */

/* Begin PBXNativeTarget section */
		AFF2C3322D9C5902008A2289 /* ArtShowcase */ = {
			isa = PBXNativeTarget;
			buildConfigurationList = AFF2C3462D9C5903008A2289 /* Build configuration list for PBXNativeTarget "ArtShowcase" */;
			buildPhases = (
				D66B76439F96F07F6517E300 /* [CP] Check Pods Manifest.lock */,
				AFF2C32F2D9C5902008A2289 /* Sources */,
				AFF2C3302D9C5902008A2289 /* Frameworks */,
				AFF2C3312D9C5902008A2289 /* Resources */,
				B646552EE6B07F3AD647717D /* [CP] Embed Pods Frameworks */,
			);
			buildRules = (
			);
			dependencies = (
			);
			name = ArtShowcase;
			packageProductDependencies = (
				AFF2C3FA2D9C7034008A2289 /* FirebaseAuth */,
				AFF2C3FC2D9C7034008A2289 /* FirebaseCrashlytics */,
			);
			productName = ArtShowcase;
			productReference = AFF2C3332D9C5902008A2289 /* ArtShowcase.app */;
			productType = "com.apple.product-type.application";
		};
/* End PBXNativeTarget section */

/* Begin PBXProject section */
		AFF2C32B2D9C5902008A2289 /* Project object */ = {
			isa = PBXProject;
			attributes = {
				BuildIndependentTargetsInParallel = 1;
				LastSwiftUpdateCheck = 1620;
				LastUpgradeCheck = 1630;
				TargetAttributes = {
					AFF2C3322D9C5902008A2289 = {
						CreatedOnToolsVersion = 16.2;
					};
				};
			};
			buildConfigurationList = AFF2C32E2D9C5902008A2289 /* Build configuration list for PBXProject "ArtShowcase" */;
			developmentRegion = en;
			hasScannedForEncodings = 0;
			knownRegions = (
				en,
				Base,
			);
			mainGroup = AFF2C32A2D9C5902008A2289;
			minimizedProjectReferenceProxies = 1;
			packageReferences = (
				AFF2C3F92D9C7034008A2289 /* XCRemoteSwiftPackageReference "firebase-ios-sdk" */,
			);
			preferredProjectObjectVersion = 77;
			productRefGroup = AFF2C3342D9C5902008A2289 /* Products */;
			projectDirPath = "";
			projectRoot = "";
			targets = (
				AFF2C3322D9C5902008A2289 /* ArtShowcase */,
			);
		};
/* End PBXProject section */

/* Begin PBXResourcesBuildPhase section */
		AFF2C3312D9C5902008A2289 /* Resources */ = {
			isa = PBXResourcesBuildPhase;
			buildActionMask = 2147483647;
			files = (
				AFF2C3532D9C5915008A2289 /* Assets.xcassets in Resources */,
				AFF2C3552D9C5915008A2289 /* LaunchScreen.storyboard in Resources */,
				AFF2C3F82D9C6FD6008A2289 /* GoogleService-Info.plist in Resources */,
				AFF2C36B2D9C5DCC008A2289 /* HomeData.json in Resources */,
				AFF2C36C2D9C5DCC008A2289 /* WalletData.json in Resources */,
			);
			runOnlyForDeploymentPostprocessing = 0;
		};
/* End PBXResourcesBuildPhase section */

/* Begin PBXShellScriptBuildPhase section */
		B646552EE6B07F3AD647717D /* [CP] Embed Pods Frameworks */ = {
			isa = PBXShellScriptBuildPhase;
			buildActionMask = 2147483647;
			files = (
			);
			inputFileListPaths = (
				"${PODS_ROOT}/Target Support Files/Pods-ArtShowcase/Pods-ArtShowcase-frameworks-${CONFIGURATION}-input-files.xcfilelist",
			);
			inputPaths = (
			);
			name = "[CP] Embed Pods Frameworks";
			outputFileListPaths = (
				"${PODS_ROOT}/Target Support Files/Pods-ArtShowcase/Pods-ArtShowcase-frameworks-${CONFIGURATION}-output-files.xcfilelist",
			);
			outputPaths = (
			);
			runOnlyForDeploymentPostprocessing = 0;
			shellPath = /bin/sh;
			shellScript = "\"${PODS_ROOT}/Target Support Files/Pods-ArtShowcase/Pods-ArtShowcase-frameworks.sh\"\n";
			showEnvVarsInLog = 0;
		};
		D66B76439F96F07F6517E300 /* [CP] Check Pods Manifest.lock */ = {
			isa = PBXShellScriptBuildPhase;
			buildActionMask = 2147483647;
			files = (
			);
			inputFileListPaths = (
			);
			inputPaths = (
				"${PODS_PODFILE_DIR_PATH}/Podfile.lock",
				"${PODS_ROOT}/Manifest.lock",
			);
			name = "[CP] Check Pods Manifest.lock";
			outputFileListPaths = (
			);
			outputPaths = (
				"$(DERIVED_FILE_DIR)/Pods-ArtShowcase-checkManifestLockResult.txt",
			);
			runOnlyForDeploymentPostprocessing = 0;
			shellPath = /bin/sh;
			shellScript = "diff \"${PODS_PODFILE_DIR_PATH}/Podfile.lock\" \"${PODS_ROOT}/Manifest.lock\" > /dev/null\nif [ $? != 0 ] ; then\n    # print error to STDERR\n    echo \"error: The sandbox is not in sync with the Podfile.lock. Run 'pod install' or update your CocoaPods installation.\" >&2\n    exit 1\nfi\n# This output is used by Xcode 'outputs' to avoid re-running this script phase.\necho \"SUCCESS\" > \"${SCRIPT_OUTPUT_FILE_0}\"\n";
			showEnvVarsInLog = 0;
		};
/* End PBXShellScriptBuildPhase section */

/* Begin PBXSourcesBuildPhase section */
		AFF2C32F2D9C5902008A2289 /* Sources */ = {
			isa = PBXSourcesBuildPhase;
			buildActionMask = 2147483647;
			files = (
				AFF2C3D82D9C6AD2008A2289 /* NftDetailVC.swift in Sources */,
				AFF2C37C2D9C5FC0008A2289 /* HomeService.swift in Sources */,
				AFF2C3AE2D9C66CE008A2289 /* LastestDealTableViewCellViewModel.swift in Sources */,
				AFF2C38A2D9C61D9008A2289 /* HomeViewModel.swift in Sources */,
				AFF2C3662D9C5D55008A2289 /* UIViewController+Extension.swift in Sources */,
				AFF2C3BA2D9C67E6008A2289 /* QuotationEthTableViewCellScreen.swift in Sources */,
				AFF2C3682D9C5D7B008A2289 /* String+Extension.swift in Sources */,
				AFF2C3F32D9C6D10008A2289 /* ProfileScreen.swift in Sources */,
				AFF2C3BD2D9C6833008A2289 /* LatestTransactionsTableViewCell.swift in Sources */,
				AFF2C3F02D9C6CE2008A2289 /* ProfileVC.swift in Sources */,
				AFF2C3C02D9C686B008A2289 /* LatestTransactionsTableViewCellScreen.swift in Sources */,
				AFF2C3ED2D9C6CA0008A2289 /* WalletViewModel.swift in Sources */,
				AFF2C3622D9C5CC2008A2289 /* CACornerMask+Extension.swift in Sources */,
				AFF2C3CF2D9C6A0D008A2289 /* ProfileImageTableViewCellScreen.swift in Sources */,
				AFF2C3CC2D9C69DB008A2289 /* ProfileImageTableViewCell.swift in Sources */,
				AFF2C3642D9C5D2E008A2289 /* UIView+Extension.swift in Sources */,
				AFF2C3882D9C6160008A2289 /* HomeVC.swift in Sources */,
				AFF2C3C62D9C6969008A2289 /* ListOfTransactionTableViewCell.swift in Sources */,
				AFF2C3832D9C60DD008A2289 /* LoginScreen.swift in Sources */,
				AFF2C3D22D9C6A48008A2289 /* ProfileTableViewCell.swift in Sources */,
				AFF2C3B02D9C6722008A2289 /* ListOffersTableViewCell.swift in Sources */,
				AFF2C3EA2D9C6C74008A2289 /* WalletScreen.swift in Sources */,
				AFF2C3932D9C63DD008A2289 /* NftFilterCollectionViewCellScreen.swift in Sources */,
				AFF2C3562D9C5915008A2289 /* AppDelegate.swift in Sources */,
				AFF2C3C32D9C68B6008A2289 /* LatestTransactionsTableViewCellViewModel.swift in Sources */,
				AFF2C3A82D9C6662008A2289 /* LastestDealTableViewCell.swift in Sources */,
				AFF2C3972D9C6446008A2289 /* NftTableViewCell.swift in Sources */,
				AFF2C3D52D9C6A78008A2289 /* ProfileTableViewCellScreen.swift in Sources */,
				AFF2C3A32D9C659D008A2289 /* NftDescriptionTableViewCell.swift in Sources */,
				AFF2C3DD2D9C6B6B008A2289 /* NftDetailScreen.swift in Sources */,
				AFF2C3F62D9C6D4E008A2289 /* ProfileViewModel.swift in Sources */,
				AFF2C38C2D9C620D008A2289 /* HomeScreen.swift in Sources */,
				AFF2C3C92D9C699F008A2289 /* ListOfTransactionTableViewCellScreen.swift in Sources */,
				AFF2C39D2D9C64FC008A2289 /* NftImageTableViewCell.swift in Sources */,
				AFF2C3782D9C5F6F008A2289 /* GenericService.swift in Sources */,
				AFF2C3DB2D9C6B40008A2289 /* NftDetailViewModel.swift in Sources */,
				AFF2C3B42D9C6773008A2289 /* ListOffersTableViewCellScreen.swift in Sources */,
				AFF2C3912D9C63B4008A2289 /* NftFilterCollectionViewCell.swift in Sources */,
				AFF2C3AB2D9C6697008A2289 /* LastestDealTableViewCellScreen.swift in Sources */,
				AFF2C3572D9C5915008A2289 /* SceneDelegate.swift in Sources */,
				AFF2C3E12D9C6BCB008A2289 /* MagnifyingGlassVC.swift in Sources */,
				AFF2C3B72D9C67BA008A2289 /* QuotationEthTableViewCell.swift in Sources */,
				AFF2C3A52D9C65D1008A2289 /* NftDescriptionTableViewCellScreen.swift in Sources */,
				AFF2C39F2D9C652A008A2289 /* NftImageTableViewCellScreen.swift in Sources */,
				AFF2C3702D9C5E75008A2289 /* AlertController.swift in Sources */,
				AFF2C37A2D9C5FA1008A2289 /* WalletService.swift in Sources */,
				AFF2C3E42D9C6C06008A2289 /* MagnifyingGlassScreen.swift in Sources */,
				AFF2C35B2D9C5B3B008A2289 /* NFTData.swift in Sources */,
				AFF2C3732D9C5EE2008A2289 /* TabBarVC.swift in Sources */,
				AFF2C3992D9C648B008A2289 /* NftTableViewCellScreen.swift in Sources */,
				AFF2C3E72D9C6C47008A2289 /* WalletVC.swift in Sources */,
				AFF2C35D2D9C5B74008A2289 /* WalletData.swift in Sources */,
				AFF2C3812D9C609B008A2289 /* LoginVC.swift in Sources */,
			);
			runOnlyForDeploymentPostprocessing = 0;
		};
/* End PBXSourcesBuildPhase section */

/* Begin PBXVariantGroup section */
		AFF2C34F2D9C5915008A2289 /* LaunchScreen.storyboard */ = {
			isa = PBXVariantGroup;
			children = (
				AFF2C34E2D9C5915008A2289 /* Base */,
			);
			name = LaunchScreen.storyboard;
			sourceTree = "<group>";
		};
/* End PBXVariantGroup section */

/* Begin XCBuildConfiguration section */
		AFF2C3472D9C5903008A2289 /* Debug */ = {
			isa = XCBuildConfiguration;
			baseConfigurationReference = D78558E7F53710A8BA7DF501 /* Pods-ArtShowcase.debug.xcconfig */;
			buildSettings = {
				ASSETCATALOG_COMPILER_APPICON_NAME = AppIcon;
				ASSETCATALOG_COMPILER_GLOBAL_ACCENT_COLOR_NAME = AccentColor;
				CODE_SIGN_STYLE = Automatic;
				CURRENT_PROJECT_VERSION = 1;
				GENERATE_INFOPLIST_FILE = YES;
				INFOPLIST_FILE = ArtShowcase/Info.plist;
				INFOPLIST_KEY_UIApplicationSupportsIndirectInputEvents = YES;
				INFOPLIST_KEY_UILaunchStoryboardName = LaunchScreen;
				INFOPLIST_KEY_UISupportedInterfaceOrientations_iPad = "UIInterfaceOrientationPortrait UIInterfaceOrientationPortraitUpsideDown UIInterfaceOrientationLandscapeLeft UIInterfaceOrientationLandscapeRight";
				INFOPLIST_KEY_UISupportedInterfaceOrientations_iPhone = "UIInterfaceOrientationPortrait UIInterfaceOrientationLandscapeLeft UIInterfaceOrientationLandscapeRight";
				LD_RUNPATH_SEARCH_PATHS = (
					"$(inherited)",
					"@executable_path/Frameworks",
				);
				MARKETING_VERSION = 1.0;
				PRODUCT_BUNDLE_IDENTIFIER = com.rhainan.Study;
				PRODUCT_NAME = "$(TARGET_NAME)";
				SWIFT_EMIT_LOC_STRINGS = YES;
				SWIFT_VERSION = 5.0;
				TARGETED_DEVICE_FAMILY = "1,2";
			};
			name = Debug;
		};
		AFF2C3482D9C5903008A2289 /* Release */ = {
			isa = XCBuildConfiguration;
			baseConfigurationReference = 74883043C6BF786B44B6F8FC /* Pods-ArtShowcase.release.xcconfig */;
			buildSettings = {
				ASSETCATALOG_COMPILER_APPICON_NAME = AppIcon;
				ASSETCATALOG_COMPILER_GLOBAL_ACCENT_COLOR_NAME = AccentColor;
				CODE_SIGN_STYLE = Automatic;
				CURRENT_PROJECT_VERSION = 1;
				GENERATE_INFOPLIST_FILE = YES;
				INFOPLIST_FILE = ArtShowcase/Info.plist;
				INFOPLIST_KEY_UIApplicationSupportsIndirectInputEvents = YES;
				INFOPLIST_KEY_UILaunchStoryboardName = LaunchScreen;
				INFOPLIST_KEY_UISupportedInterfaceOrientations_iPad = "UIInterfaceOrientationPortrait UIInterfaceOrientationPortraitUpsideDown UIInterfaceOrientationLandscapeLeft UIInterfaceOrientationLandscapeRight";
				INFOPLIST_KEY_UISupportedInterfaceOrientations_iPhone = "UIInterfaceOrientationPortrait UIInterfaceOrientationLandscapeLeft UIInterfaceOrientationLandscapeRight";
				LD_RUNPATH_SEARCH_PATHS = (
					"$(inherited)",
					"@executable_path/Frameworks",
				);
				MARKETING_VERSION = 1.0;
				PRODUCT_BUNDLE_IDENTIFIER = com.rhainan.Study;
				PRODUCT_NAME = "$(TARGET_NAME)";
				SWIFT_EMIT_LOC_STRINGS = YES;
				SWIFT_VERSION = 5.0;
				TARGETED_DEVICE_FAMILY = "1,2";
			};
			name = Release;
		};
		AFF2C3492D9C5903008A2289 /* Debug */ = {
			isa = XCBuildConfiguration;
			buildSettings = {
				ALWAYS_SEARCH_USER_PATHS = NO;
				ASSETCATALOG_COMPILER_GENERATE_SWIFT_ASSET_SYMBOL_EXTENSIONS = YES;
				CLANG_ANALYZER_NONNULL = YES;
				CLANG_ANALYZER_NUMBER_OBJECT_CONVERSION = YES_AGGRESSIVE;
				CLANG_CXX_LANGUAGE_STANDARD = "gnu++20";
				CLANG_ENABLE_MODULES = YES;
				CLANG_ENABLE_OBJC_ARC = YES;
				CLANG_ENABLE_OBJC_WEAK = YES;
				CLANG_WARN_BLOCK_CAPTURE_AUTORELEASING = YES;
				CLANG_WARN_BOOL_CONVERSION = YES;
				CLANG_WARN_COMMA = YES;
				CLANG_WARN_CONSTANT_CONVERSION = YES;
				CLANG_WARN_DEPRECATED_OBJC_IMPLEMENTATIONS = YES;
				CLANG_WARN_DIRECT_OBJC_ISA_USAGE = YES_ERROR;
				CLANG_WARN_DOCUMENTATION_COMMENTS = YES;
				CLANG_WARN_EMPTY_BODY = YES;
				CLANG_WARN_ENUM_CONVERSION = YES;
				CLANG_WARN_INFINITE_RECURSION = YES;
				CLANG_WARN_INT_CONVERSION = YES;
				CLANG_WARN_NON_LITERAL_NULL_CONVERSION = YES;
				CLANG_WARN_OBJC_IMPLICIT_RETAIN_SELF = YES;
				CLANG_WARN_OBJC_LITERAL_CONVERSION = YES;
				CLANG_WARN_OBJC_ROOT_CLASS = YES_ERROR;
				CLANG_WARN_QUOTED_INCLUDE_IN_FRAMEWORK_HEADER = YES;
				CLANG_WARN_RANGE_LOOP_ANALYSIS = YES;
				CLANG_WARN_STRICT_PROTOTYPES = YES;
				CLANG_WARN_SUSPICIOUS_MOVE = YES;
				CLANG_WARN_UNGUARDED_AVAILABILITY = YES_AGGRESSIVE;
				CLANG_WARN_UNREACHABLE_CODE = YES;
				CLANG_WARN__DUPLICATE_METHOD_MATCH = YES;
				COPY_PHASE_STRIP = NO;
				DEBUG_INFORMATION_FORMAT = dwarf;
				DEVELOPMENT_TEAM = H3759FD2PB;
				ENABLE_STRICT_OBJC_MSGSEND = YES;
				ENABLE_TESTABILITY = YES;
				ENABLE_USER_SCRIPT_SANDBOXING = NO;
				GCC_C_LANGUAGE_STANDARD = gnu17;
				GCC_DYNAMIC_NO_PIC = NO;
				GCC_NO_COMMON_BLOCKS = YES;
				GCC_OPTIMIZATION_LEVEL = 0;
				GCC_PREPROCESSOR_DEFINITIONS = (
					"DEBUG=1",
					"$(inherited)",
				);
				GCC_WARN_64_TO_32_BIT_CONVERSION = YES;
				GCC_WARN_ABOUT_RETURN_TYPE = YES_ERROR;
				GCC_WARN_UNDECLARED_SELECTOR = YES;
				GCC_WARN_UNINITIALIZED_AUTOS = YES_AGGRESSIVE;
				GCC_WARN_UNUSED_FUNCTION = YES;
				GCC_WARN_UNUSED_VARIABLE = YES;
				IPHONEOS_DEPLOYMENT_TARGET = 18.2;
				LOCALIZATION_PREFERS_STRING_CATALOGS = YES;
				MTL_ENABLE_DEBUG_INFO = INCLUDE_SOURCE;
				MTL_FAST_MATH = YES;
				ONLY_ACTIVE_ARCH = YES;
				SDKROOT = iphoneos;
				SWIFT_ACTIVE_COMPILATION_CONDITIONS = "DEBUG $(inherited)";
				SWIFT_OPTIMIZATION_LEVEL = "-Onone";
			};
			name = Debug;
		};
		AFF2C34A2D9C5903008A2289 /* Release */ = {
			isa = XCBuildConfiguration;
			buildSettings = {
				ALWAYS_SEARCH_USER_PATHS = NO;
				ASSETCATALOG_COMPILER_GENERATE_SWIFT_ASSET_SYMBOL_EXTENSIONS = YES;
				CLANG_ANALYZER_NONNULL = YES;
				CLANG_ANALYZER_NUMBER_OBJECT_CONVERSION = YES_AGGRESSIVE;
				CLANG_CXX_LANGUAGE_STANDARD = "gnu++20";
				CLANG_ENABLE_MODULES = YES;
				CLANG_ENABLE_OBJC_ARC = YES;
				CLANG_ENABLE_OBJC_WEAK = YES;
				CLANG_WARN_BLOCK_CAPTURE_AUTORELEASING = YES;
				CLANG_WARN_BOOL_CONVERSION = YES;
				CLANG_WARN_COMMA = YES;
				CLANG_WARN_CONSTANT_CONVERSION = YES;
				CLANG_WARN_DEPRECATED_OBJC_IMPLEMENTATIONS = YES;
				CLANG_WARN_DIRECT_OBJC_ISA_USAGE = YES_ERROR;
				CLANG_WARN_DOCUMENTATION_COMMENTS = YES;
				CLANG_WARN_EMPTY_BODY = YES;
				CLANG_WARN_ENUM_CONVERSION = YES;
				CLANG_WARN_INFINITE_RECURSION = YES;
				CLANG_WARN_INT_CONVERSION = YES;
				CLANG_WARN_NON_LITERAL_NULL_CONVERSION = YES;
				CLANG_WARN_OBJC_IMPLICIT_RETAIN_SELF = YES;
				CLANG_WARN_OBJC_LITERAL_CONVERSION = YES;
				CLANG_WARN_OBJC_ROOT_CLASS = YES_ERROR;
				CLANG_WARN_QUOTED_INCLUDE_IN_FRAMEWORK_HEADER = YES;
				CLANG_WARN_RANGE_LOOP_ANALYSIS = YES;
				CLANG_WARN_STRICT_PROTOTYPES = YES;
				CLANG_WARN_SUSPICIOUS_MOVE = YES;
				CLANG_WARN_UNGUARDED_AVAILABILITY = YES_AGGRESSIVE;
				CLANG_WARN_UNREACHABLE_CODE = YES;
				CLANG_WARN__DUPLICATE_METHOD_MATCH = YES;
				COPY_PHASE_STRIP = NO;
				DEBUG_INFORMATION_FORMAT = "dwarf-with-dsym";
				DEVELOPMENT_TEAM = H3759FD2PB;
				ENABLE_NS_ASSERTIONS = NO;
				ENABLE_STRICT_OBJC_MSGSEND = YES;
				ENABLE_USER_SCRIPT_SANDBOXING = NO;
				GCC_C_LANGUAGE_STANDARD = gnu17;
				GCC_NO_COMMON_BLOCKS = YES;
				GCC_WARN_64_TO_32_BIT_CONVERSION = YES;
				GCC_WARN_ABOUT_RETURN_TYPE = YES_ERROR;
				GCC_WARN_UNDECLARED_SELECTOR = YES;
				GCC_WARN_UNINITIALIZED_AUTOS = YES_AGGRESSIVE;
				GCC_WARN_UNUSED_FUNCTION = YES;
				GCC_WARN_UNUSED_VARIABLE = YES;
				IPHONEOS_DEPLOYMENT_TARGET = 18.2;
				LOCALIZATION_PREFERS_STRING_CATALOGS = YES;
				MTL_ENABLE_DEBUG_INFO = NO;
				MTL_FAST_MATH = YES;
				SDKROOT = iphoneos;
				SWIFT_COMPILATION_MODE = wholemodule;
				VALIDATE_PRODUCT = YES;
			};
			name = Release;
		};
/* End XCBuildConfiguration section */

/* Begin XCConfigurationList section */
		AFF2C32E2D9C5902008A2289 /* Build configuration list for PBXProject "ArtShowcase" */ = {
			isa = XCConfigurationList;
			buildConfigurations = (
				AFF2C3492D9C5903008A2289 /* Debug */,
				AFF2C34A2D9C5903008A2289 /* Release */,
			);
			defaultConfigurationIsVisible = 0;
			defaultConfigurationName = Release;
		};
		AFF2C3462D9C5903008A2289 /* Build configuration list for PBXNativeTarget "ArtShowcase" */ = {
			isa = XCConfigurationList;
			buildConfigurations = (
				AFF2C3472D9C5903008A2289 /* Debug */,
				AFF2C3482D9C5903008A2289 /* Release */,
			);
			defaultConfigurationIsVisible = 0;
			defaultConfigurationName = Release;
		};
/* End XCConfigurationList section */

/* Begin XCRemoteSwiftPackageReference section */
		AFF2C3F92D9C7034008A2289 /* XCRemoteSwiftPackageReference "firebase-ios-sdk" */ = {
			isa = XCRemoteSwiftPackageReference;
			repositoryURL = "https://github.com/firebase/firebase-ios-sdk";
			requirement = {
				kind = upToNextMajorVersion;
				minimumVersion = 11.11.0;
			};
		};
/* End XCRemoteSwiftPackageReference section */

/* Begin XCSwiftPackageProductDependency section */
		AFF2C3FA2D9C7034008A2289 /* FirebaseAuth */ = {
			isa = XCSwiftPackageProductDependency;
			package = AFF2C3F92D9C7034008A2289 /* XCRemoteSwiftPackageReference "firebase-ios-sdk" */;
			productName = FirebaseAuth;
		};
		AFF2C3FC2D9C7034008A2289 /* FirebaseCrashlytics */ = {
			isa = XCSwiftPackageProductDependency;
			package = AFF2C3F92D9C7034008A2289 /* XCRemoteSwiftPackageReference "firebase-ios-sdk" */;
			productName = FirebaseCrashlytics;
		};
/* End XCSwiftPackageProductDependency section */
	};
	rootObject = AFF2C32B2D9C5902008A2289 /* Project object */;
}
